{
  "object": {
    "pins": [
      {
        "package": "AssociatedTypeRequirementsKit",
        "repositoryURL": "https://github.com/nerdsupremacist/AssociatedTypeRequirementsKit.git",
        "state": {
          "branch": null,
          "revision": "5c0b95758d2d65fdb98977ee1af5648d9d192a32",
          "version": "0.2.0"
        }
      },
      {
        "package": "SnapshotTesting",
        "repositoryURL": "https://github.com/pointfreeco/swift-snapshot-testing.git",
        "state": {
          "branch": null,
          "revision": "2fd91357e90efe82bfa6845d1e7d5bc2f5025d35",
          "version": "1.8.1"
        }
      }
    ]
  },
  "version": 1
}
